
Microsoft Visual Studio Solution File, Format Version 12.00
# Visual Studio Version 16
VisualStudioVersion = 16.0.29418.71
MinimumVisualStudioVersion = 10.0.40219.1
Project("{2150E333-8FDC-42A3-9474-1A3956D46DE8}") = "UnitTest", "UnitTest", "{91A68341-353D-4C30-86F8-50B2D19BBA38}"
EndProject
Project("{9A19103F-16F7-4668-BE54-9A1E7A4F7556}") = "SoftUnlimit.WorkerAdapter", "SoftUnlimit.WorkerAdapter\SoftUnlimit.WorkerAdapter.csproj", "{60F1BD37-E58B-444D-8F42-C4AFB4061D09}"
EndProject
Project("{9A19103F-16F7-4668-BE54-9A1E7A4F7556}") = "SoftUnlimit.AutoMapper", "SoftUnlimit.AutoMapper\SoftUnlimit.AutoMapper.csproj", "{F28C13CB-BD15-4EDC-AAF3-211D6838D2AE}"
EndProject
Project("{9A19103F-16F7-4668-BE54-9A1E7A4F7556}") = "SoftUnlimit", "SoftUnlimit\SoftUnlimit.csproj", "{D275906B-3595-4DB0-A647-39505E5DA2D8}"
EndProject
Project("{9A19103F-16F7-4668-BE54-9A1E7A4F7556}") = "SoftUnlimit.Data", "SoftUnlimit.Data\SoftUnlimit.Data.csproj", "{A88E29E6-97BA-4B3E-B89F-A45EFF9303BA}"
EndProject
Project("{9A19103F-16F7-4668-BE54-9A1E7A4F7556}") = "SoftUnlimit.CQRS", "SoftUnlimit.CQRS\SoftUnlimit.CQRS.csproj", "{FBBE090C-B476-4B76-8C1B-8DB04127E05C}"
EndProject
Project("{9A19103F-16F7-4668-BE54-9A1E7A4F7556}") = "SoftUnlimit.AkkaBus", "SoftUnlimit.AkkaBus\SoftUnlimit.AkkaBus.csproj", "{8E380AC4-B7B6-469D-BE94-66CD31A48A00}"
EndProject
Project("{9A19103F-16F7-4668-BE54-9A1E7A4F7556}") = "SoftUnlimit.Data.EntityFramework", "SoftUnlimit.Data.EntityFramework\SoftUnlimit.Data.EntityFramework.csproj", "{65ED8FBF-BC13-4AFD-9CC3-849E2D16A205}"
EndProject
Project("{9A19103F-16F7-4668-BE54-9A1E7A4F7556}") = "SoftUnlimit.Document", "SoftUnlimit.Document\SoftUnlimit.Document.csproj", "{692D7913-34DC-4CC8-ACBD-29242F3CA8F5}"
EndProject
Project("{9A19103F-16F7-4668-BE54-9A1E7A4F7556}") = "SoftUnlimit.Web", "SoftUnlimit.Web\SoftUnlimit.Web.csproj", "{AC6C36D2-A8F3-4FF2-9297-35744A49D6F9}"
EndProject
Project("{2150E333-8FDC-42A3-9474-1A3956D46DE8}") = "Main", "Main", "{BD55C0D4-0EA4-44C9-A2C2-A0F487792D46}"
EndProject
Project("{9A19103F-16F7-4668-BE54-9A1E7A4F7556}") = "App.Manual.Tests", "App.Manual.Tests\App.Manual.Tests.csproj", "{3337CC52-6EBD-44E2-BDFA-E3A272E6FF6C}"
EndProject
Project("{9A19103F-16F7-4668-BE54-9A1E7A4F7556}") = "SoftUnlimit.Data.Tests", "SoftUnlimit.Data.Tests\SoftUnlimit.Data.Tests.csproj", "{E3026ED6-A483-466D-9F4D-FB6A1A1F7442}"
EndProject
Project("{9A19103F-16F7-4668-BE54-9A1E7A4F7556}") = "SoftUnlimit.Web.AspNet", "SoftUnlimit.Web.AspNet\SoftUnlimit.Web.AspNet.csproj", "{514C91E5-E803-40D2-8E55-E33DB146A09D}"
EndProject
Project("{9A19103F-16F7-4668-BE54-9A1E7A4F7556}") = "SoftUnlimit.EventBus.ActiveMQ", "SoftUnlimit.EventBus.ActiveMQ\SoftUnlimit.EventBus.ActiveMQ.csproj", "{2F18154B-E5F6-4B91-866A-406D8082EFCB}"
EndProject
Project("{9A19103F-16F7-4668-BE54-9A1E7A4F7556}") = "SoftUnlimit.EventBus.ActiveMQ.Tests", "SoftUnlimit.EventBus.ActiveMQ.Tests\SoftUnlimit.EventBus.ActiveMQ.Tests.csproj", "{135B2885-127A-400A-9BC0-DF1838B56A0C}"
EndProject
Project("{9A19103F-16F7-4668-BE54-9A1E7A4F7556}") = "SoftUnlimit.Data.MongoDb", "SoftUnlimit.Data.MongoDb\SoftUnlimit.Data.MongoDb.csproj", "{F4FF7358-8300-4DFA-85C3-9FB3127E282B}"
EndProject
Project("{FAE04EC0-301F-11D3-BF4B-00C04F79EFBC}") = "SoftUnlimit.WorkerAdapter.Tests", "SoftUnlimit.WorkerAdapter.Tests\SoftUnlimit.WorkerAdapter.Tests.csproj", "{EE313BD9-9197-43EF-A9E4-FC25EA5E3744}"
EndProject
Global
	GlobalSection(SolutionConfigurationPlatforms) = preSolution
		Debug|Any CPU = Debug|Any CPU
		Release|Any CPU = Release|Any CPU
	EndGlobalSection
	GlobalSection(ProjectConfigurationPlatforms) = postSolution
		{60F1BD37-E58B-444D-8F42-C4AFB4061D09}.Debug|Any CPU.ActiveCfg = Debug|Any CPU
		{60F1BD37-E58B-444D-8F42-C4AFB4061D09}.Debug|Any CPU.Build.0 = Debug|Any CPU
		{60F1BD37-E58B-444D-8F42-C4AFB4061D09}.Release|Any CPU.ActiveCfg = Release|Any CPU
		{60F1BD37-E58B-444D-8F42-C4AFB4061D09}.Release|Any CPU.Build.0 = Release|Any CPU
		{F28C13CB-BD15-4EDC-AAF3-211D6838D2AE}.Debug|Any CPU.ActiveCfg = Debug|Any CPU
		{F28C13CB-BD15-4EDC-AAF3-211D6838D2AE}.Debug|Any CPU.Build.0 = Debug|Any CPU
		{F28C13CB-BD15-4EDC-AAF3-211D6838D2AE}.Release|Any CPU.ActiveCfg = Release|Any CPU
		{F28C13CB-BD15-4EDC-AAF3-211D6838D2AE}.Release|Any CPU.Build.0 = Release|Any CPU
		{D275906B-3595-4DB0-A647-39505E5DA2D8}.Debug|Any CPU.ActiveCfg = Debug|Any CPU
		{D275906B-3595-4DB0-A647-39505E5DA2D8}.Debug|Any CPU.Build.0 = Debug|Any CPU
		{D275906B-3595-4DB0-A647-39505E5DA2D8}.Release|Any CPU.ActiveCfg = Release|Any CPU
		{D275906B-3595-4DB0-A647-39505E5DA2D8}.Release|Any CPU.Build.0 = Release|Any CPU
		{A88E29E6-97BA-4B3E-B89F-A45EFF9303BA}.Debug|Any CPU.ActiveCfg = Debug|Any CPU
		{A88E29E6-97BA-4B3E-B89F-A45EFF9303BA}.Debug|Any CPU.Build.0 = Debug|Any CPU
		{A88E29E6-97BA-4B3E-B89F-A45EFF9303BA}.Release|Any CPU.ActiveCfg = Release|Any CPU
		{A88E29E6-97BA-4B3E-B89F-A45EFF9303BA}.Release|Any CPU.Build.0 = Release|Any CPU
		{FBBE090C-B476-4B76-8C1B-8DB04127E05C}.Debug|Any CPU.ActiveCfg = Debug|Any CPU
		{FBBE090C-B476-4B76-8C1B-8DB04127E05C}.Debug|Any CPU.Build.0 = Debug|Any CPU
		{FBBE090C-B476-4B76-8C1B-8DB04127E05C}.Release|Any CPU.ActiveCfg = Release|Any CPU
		{FBBE090C-B476-4B76-8C1B-8DB04127E05C}.Release|Any CPU.Build.0 = Release|Any CPU
		{8E380AC4-B7B6-469D-BE94-66CD31A48A00}.Debug|Any CPU.ActiveCfg = Debug|Any CPU
		{8E380AC4-B7B6-469D-BE94-66CD31A48A00}.Debug|Any CPU.Build.0 = Debug|Any CPU
		{8E380AC4-B7B6-469D-BE94-66CD31A48A00}.Release|Any CPU.ActiveCfg = Release|Any CPU
		{8E380AC4-B7B6-469D-BE94-66CD31A48A00}.Release|Any CPU.Build.0 = Release|Any CPU
		{65ED8FBF-BC13-4AFD-9CC3-849E2D16A205}.Debug|Any CPU.ActiveCfg = Debug|Any CPU
		{65ED8FBF-BC13-4AFD-9CC3-849E2D16A205}.Debug|Any CPU.Build.0 = Debug|Any CPU
		{65ED8FBF-BC13-4AFD-9CC3-849E2D16A205}.Release|Any CPU.ActiveCfg = Release|Any CPU
		{65ED8FBF-BC13-4AFD-9CC3-849E2D16A205}.Release|Any CPU.Build.0 = Release|Any CPU
		{692D7913-34DC-4CC8-ACBD-29242F3CA8F5}.Debug|Any CPU.ActiveCfg = Debug|Any CPU
		{692D7913-34DC-4CC8-ACBD-29242F3CA8F5}.Debug|Any CPU.Build.0 = Debug|Any CPU
		{692D7913-34DC-4CC8-ACBD-29242F3CA8F5}.Release|Any CPU.ActiveCfg = Release|Any CPU
		{692D7913-34DC-4CC8-ACBD-29242F3CA8F5}.Release|Any CPU.Build.0 = Release|Any CPU
		{AC6C36D2-A8F3-4FF2-9297-35744A49D6F9}.Debug|Any CPU.ActiveCfg = Debug|Any CPU
		{AC6C36D2-A8F3-4FF2-9297-35744A49D6F9}.Debug|Any CPU.Build.0 = Debug|Any CPU
		{AC6C36D2-A8F3-4FF2-9297-35744A49D6F9}.Release|Any CPU.ActiveCfg = Release|Any CPU
		{AC6C36D2-A8F3-4FF2-9297-35744A49D6F9}.Release|Any CPU.Build.0 = Release|Any CPU
		{3337CC52-6EBD-44E2-BDFA-E3A272E6FF6C}.Debug|Any CPU.ActiveCfg = Debug|Any CPU
		{3337CC52-6EBD-44E2-BDFA-E3A272E6FF6C}.Debug|Any CPU.Build.0 = Debug|Any CPU
		{3337CC52-6EBD-44E2-BDFA-E3A272E6FF6C}.Release|Any CPU.ActiveCfg = Release|Any CPU
		{3337CC52-6EBD-44E2-BDFA-E3A272E6FF6C}.Release|Any CPU.Build.0 = Release|Any CPU
		{E3026ED6-A483-466D-9F4D-FB6A1A1F7442}.Debug|Any CPU.ActiveCfg = Debug|Any CPU
		{E3026ED6-A483-466D-9F4D-FB6A1A1F7442}.Debug|Any CPU.Build.0 = Debug|Any CPU
		{E3026ED6-A483-466D-9F4D-FB6A1A1F7442}.Release|Any CPU.ActiveCfg = Release|Any CPU
		{E3026ED6-A483-466D-9F4D-FB6A1A1F7442}.Release|Any CPU.Build.0 = Release|Any CPU
		{514C91E5-E803-40D2-8E55-E33DB146A09D}.Debug|Any CPU.ActiveCfg = Debug|Any CPU
		{514C91E5-E803-40D2-8E55-E33DB146A09D}.Debug|Any CPU.Build.0 = Debug|Any CPU
		{514C91E5-E803-40D2-8E55-E33DB146A09D}.Release|Any CPU.ActiveCfg = Release|Any CPU
		{514C91E5-E803-40D2-8E55-E33DB146A09D}.Release|Any CPU.Build.0 = Release|Any CPU
		{2F18154B-E5F6-4B91-866A-406D8082EFCB}.Debug|Any CPU.ActiveCfg = Debug|Any CPU
		{2F18154B-E5F6-4B91-866A-406D8082EFCB}.Debug|Any CPU.Build.0 = Debug|Any CPU
		{2F18154B-E5F6-4B91-866A-406D8082EFCB}.Release|Any CPU.ActiveCfg = Release|Any CPU
		{2F18154B-E5F6-4B91-866A-406D8082EFCB}.Release|Any CPU.Build.0 = Release|Any CPU
		{135B2885-127A-400A-9BC0-DF1838B56A0C}.Debug|Any CPU.ActiveCfg = Debug|Any CPU
		{135B2885-127A-400A-9BC0-DF1838B56A0C}.Debug|Any CPU.Build.0 = Debug|Any CPU
		{135B2885-127A-400A-9BC0-DF1838B56A0C}.Release|Any CPU.ActiveCfg = Release|Any CPU
		{135B2885-127A-400A-9BC0-DF1838B56A0C}.Release|Any CPU.Build.0 = Release|Any CPU
		{F4FF7358-8300-4DFA-85C3-9FB3127E282B}.Debug|Any CPU.ActiveCfg = Debug|Any CPU
		{F4FF7358-8300-4DFA-85C3-9FB3127E282B}.Debug|Any CPU.Build.0 = Debug|Any CPU
		{F4FF7358-8300-4DFA-85C3-9FB3127E282B}.Release|Any CPU.ActiveCfg = Release|Any CPU
		{F4FF7358-8300-4DFA-85C3-9FB3127E282B}.Release|Any CPU.Build.0 = Release|Any CPU
		{EE313BD9-9197-43EF-A9E4-FC25EA5E3744}.Debug|Any CPU.ActiveCfg = Debug|Any CPU
		{EE313BD9-9197-43EF-A9E4-FC25EA5E3744}.Debug|Any CPU.Build.0 = Debug|Any CPU
		{EE313BD9-9197-43EF-A9E4-FC25EA5E3744}.Release|Any CPU.ActiveCfg = Release|Any CPU
		{EE313BD9-9197-43EF-A9E4-FC25EA5E3744}.Release|Any CPU.Build.0 = Release|Any CPU
	EndGlobalSection
	GlobalSection(SolutionProperties) = preSolution
		HideSolutionNode = FALSE
	EndGlobalSection
	GlobalSection(NestedProjects) = preSolution
		{3337CC52-6EBD-44E2-BDFA-E3A272E6FF6C} = {BD55C0D4-0EA4-44C9-A2C2-A0F487792D46}
		{E3026ED6-A483-466D-9F4D-FB6A1A1F7442} = {91A68341-353D-4C30-86F8-50B2D19BBA38}
		{135B2885-127A-400A-9BC0-DF1838B56A0C} = {91A68341-353D-4C30-86F8-50B2D19BBA38}
		{EE313BD9-9197-43EF-A9E4-FC25EA5E3744} = {91A68341-353D-4C30-86F8-50B2D19BBA38}
	EndGlobalSection
	GlobalSection(ExtensibilityGlobals) = postSolution
		SolutionGuid = {9B9451D6-06A9-4FE7-BD5A-062F758B8538}
	EndGlobalSection
EndGlobal
