
Microsoft Visual Studio Solution File, Format Version 12.00
# Visual Studio Version 17
VisualStudioVersion = 17.0.31912.275
MinimumVisualStudioVersion = 10.0.40219.1
Project("{2150E333-8FDC-42A3-9474-1A3956D46DE8}") = "Tests", "Tests", "{91A68341-353D-4C30-86F8-50B2D19BBA38}"
EndProject
Project("{2150E333-8FDC-42A3-9474-1A3956D46DE8}") = "Main", "Main", "{BD55C0D4-0EA4-44C9-A2C2-A0F487792D46}"
EndProject
Project("{2150E333-8FDC-42A3-9474-1A3956D46DE8}") = "Sources", "Sources", "{3A033475-D58A-4EF4-914A-6061B46493A1}"
EndProject
Project("{2150E333-8FDC-42A3-9474-1A3956D46DE8}") = "Data", "Data", "{6049A5AF-055B-4815-A667-C6E90F5AFFA7}"
EndProject
Project("{2150E333-8FDC-42A3-9474-1A3956D46DE8}") = "CQRS", "CQRS", "{EDC44552-59C5-4FC1-88DA-B24429BFA6F0}"
EndProject
Project("{2150E333-8FDC-42A3-9474-1A3956D46DE8}") = "Web", "Web", "{1B333DE5-DFBD-4AE5-9A0B-C3FD8DACB9FC}"
EndProject
Project("{2150E333-8FDC-42A3-9474-1A3956D46DE8}") = "Storage", "Storage", "{8CC1EB22-2000-42CD-A32E-84128B4A58D0}"
EndProject
Project("{2150E333-8FDC-42A3-9474-1A3956D46DE8}") = "Core", "Core", "{23719B5B-044A-4D14-9192-A84CCD213D99}"
EndProject
Project("{9A19103F-16F7-4668-BE54-9A1E7A4F7556}") = "UnlimitSoft", "Sources\Core\UnlimitSoft\UnlimitSoft.csproj", "{15488214-517D-4F89-A5C4-5833548EB937}"
EndProject
Project("{9A19103F-16F7-4668-BE54-9A1E7A4F7556}") = "UnlimitSoft.Tests", "Tests\UnlimitSoft.Tests\UnlimitSoft.Tests.csproj", "{B8E84401-E59E-4DCE-9E71-294B1B3E1C58}"
EndProject
Project("{9A19103F-16F7-4668-BE54-9A1E7A4F7556}") = "UnlimitSoft.AutoMapper", "Sources\Core\UnlimitSoft.AutoMapper\UnlimitSoft.AutoMapper.csproj", "{E618B090-58C1-469C-B254-F06D886237F0}"
EndProject
Project("{9A19103F-16F7-4668-BE54-9A1E7A4F7556}") = "UnlimitSoft.Data", "Sources\Data\UnlimitSoft.Data\UnlimitSoft.Data.csproj", "{AC4CD108-8BD8-4BB8-A56B-7DD1FE1D32B9}"
EndProject
Project("{9A19103F-16F7-4668-BE54-9A1E7A4F7556}") = "UnlimitSoft.CQRS", "Sources\CQRS\UnlimitSoft.CQRS\UnlimitSoft.CQRS.csproj", "{888E9829-5BB3-4252-B6C6-6A2BB952516C}"
EndProject
Project("{9A19103F-16F7-4668-BE54-9A1E7A4F7556}") = "UnlimitSoft.Web", "Sources\Web\UnlimitSoft.Web\UnlimitSoft.Web.csproj", "{6A799653-4AE6-4EDC-A904-962E9661E18F}"
EndProject
Project("{9A19103F-16F7-4668-BE54-9A1E7A4F7556}") = "UnlimitSoft.Data.EntityFramework", "Sources\Data\UnlimitSoft.Data.EntityFramework\UnlimitSoft.Data.EntityFramework.csproj", "{730D498B-6CE4-4671-83BA-078897F0D0A5}"
EndProject
Project("{9A19103F-16F7-4668-BE54-9A1E7A4F7556}") = "UnlimitSoft.AkkaBus", "Sources\CQRS\UnlimitSoft.AkkaBus\UnlimitSoft.AkkaBus.csproj", "{86EDBA82-2947-47BA-8E39-834D4A963666}"
EndProject
Project("{9A19103F-16F7-4668-BE54-9A1E7A4F7556}") = "UnlimitSoft.Web.AspNet", "Sources\Web\UnlimitSoft.Web.AspNet\UnlimitSoft.Web.AspNet.csproj", "{A1C4EF4E-0B93-4C20-807D-068486A2556E}"
EndProject
Project("{9A19103F-16F7-4668-BE54-9A1E7A4F7556}") = "UnlimitSoft.Logger", "Sources\Core\UnlimitSoft.Logger\UnlimitSoft.Logger.csproj", "{50CCF9F6-A645-476B-BC78-4E80F9450F8A}"
EndProject
Project("{9A19103F-16F7-4668-BE54-9A1E7A4F7556}") = "UnlimitSoft.EventBus.Azure", "Sources\CQRS\UnlimitSoft.EventBus.Azure\UnlimitSoft.EventBus.Azure.csproj", "{2F9F474D-59E0-4649-BC87-CED9743C0A99}"
EndProject
Project("{9A19103F-16F7-4668-BE54-9A1E7A4F7556}") = "UnlimitSoft.AutoMapper.DependencyInjection", "Sources\Core\UnlimitSoft.AutoMapper.DependencyInjection\UnlimitSoft.AutoMapper.DependencyInjection.csproj", "{838ABB07-8C85-4DBD-A001-7623E7CFEA36}"
EndProject
Project("{9A19103F-16F7-4668-BE54-9A1E7A4F7556}") = "UnlimitSoft.Bus.Hangfire", "Sources\CQRS\UnlimitSoft.Bus.Hangfire\UnlimitSoft.Bus.Hangfire.csproj", "{759666F9-0CDB-4D8D-9D1A-8DDB01B9579C}"
EndProject
Project("{9A19103F-16F7-4668-BE54-9A1E7A4F7556}") = "UnlimitSoft.Web.AspNet.Testing", "Sources\Web\UnlimitSoft.Web.AspNet.Testing\UnlimitSoft.Web.AspNet.Testing.csproj", "{5674F93C-7A3B-4BDD-892B-130468F83288}"
EndProject
Project("{2150E333-8FDC-42A3-9474-1A3956D46DE8}") = "AspNet", "AspNet", "{3F8DCC98-FB7A-4227-B370-C21E78DD3717}"
EndProject
Project("{2150E333-8FDC-42A3-9474-1A3956D46DE8}") = "AspNet.Testing", "AspNet.Testing", "{E39CCCAD-BA7B-43AF-A97A-A8F5509A9785}"
EndProject
Project("{2150E333-8FDC-42A3-9474-1A3956D46DE8}") = "EntityFramework", "EntityFramework", "{109B11EE-EA3B-4788-9388-8E88F14B926E}"
EndProject
Project("{9A19103F-16F7-4668-BE54-9A1E7A4F7556}") = "UnlimitSoft.WebApi", "Main\UnlimitSoft.WebApi\UnlimitSoft.WebApi.csproj", "{FE13E09F-16CB-4099-AD83-492FFE7ED1C3}"
EndProject
Project("{2150E333-8FDC-42A3-9474-1A3956D46DE8}") = "Example", "Example", "{1E2F4303-FEFD-488D-AAEF-B55AEAC1F43F}"
EndProject
Project("{9A19103F-16F7-4668-BE54-9A1E7A4F7556}") = "UnlimitSoft.WebApi.Logger", "Main\Examples\UnlimitSoft.WebApi.Logger\UnlimitSoft.WebApi.Logger.csproj", "{C96B9B65-9FAC-4E69-A58B-0FE5391824AD}"
EndProject
Project("{9A19103F-16F7-4668-BE54-9A1E7A4F7556}") = "UnlimitSoft.MultiTenant.AspNet", "Sources\Web\UnlimitSoft.MultiTenant.AspNet\UnlimitSoft.MultiTenant.AspNet.csproj", "{0EE74159-4CB1-4EB8-8959-FC44FA2C346F}"
EndProject
Project("{9A19103F-16F7-4668-BE54-9A1E7A4F7556}") = "UnlimitSoft.MultiTenant", "Sources\Core\UnlimitSoft.MultiTenant\UnlimitSoft.MultiTenant.csproj", "{F3A3080B-5184-4432-83F0-1650AF2B3C58}"
EndProject
Project("{9A19103F-16F7-4668-BE54-9A1E7A4F7556}") = "UnlimitSoft.WebApi.EventBus", "Main\Examples\UnlimitSoft.WebApi.EventBus\UnlimitSoft.WebApi.EventBus.csproj", "{D0B58DB1-8F99-4EC6-86EB-6968D21B64D8}"
EndProject
Project("{2150E333-8FDC-42A3-9474-1A3956D46DE8}") = "Benchmark", "Benchmark", "{A32BD56D-1AAA-4EF5-B1B3-9A2F09ED8821}"
EndProject
Project("{9A19103F-16F7-4668-BE54-9A1E7A4F7556}") = "UnlimitSoft.Benchmark", "Main\Benchmark\UnlimitSoft.Benchmark\UnlimitSoft.Benchmark.csproj", "{35A997BB-C23A-421C-9E5A-AFD268680656}"
EndProject
Project("{9A19103F-16F7-4668-BE54-9A1E7A4F7556}") = "UnlimitSoft.Mediator", "Sources\Core\UnlimitSoft.Mediator\UnlimitSoft.Mediator.csproj", "{A63FD88D-3417-47C2-BFA3-ADD4D51EB507}"
EndProject
Project("{9A19103F-16F7-4668-BE54-9A1E7A4F7556}") = "UnlimitSoft.Text.Json", "Sources\Core\UnlimitSoft.Text.Json\UnlimitSoft.Text.Json.csproj", "{E6E598EE-D426-4EF5-A3C4-57E823A670F2}"
EndProject
Project("{2150E333-8FDC-42A3-9474-1A3956D46DE8}") = "Json", "Json", "{29A580B3-26C0-4B52-AE23-E6B179A0DEFA}"
EndProject
Project("{9A19103F-16F7-4668-BE54-9A1E7A4F7556}") = "UnlimitSoft.Logger.DependencyInjection", "Sources\Core\UnlimitSoft.Logger.DependencyInjection\UnlimitSoft.Logger.DependencyInjection.csproj", "{AC82784D-9310-4425-9FCC-F27AF071AD31}"
EndProject
Project("{FAE04EC0-301F-11D3-BF4B-00C04F79EFBC}") = "UnlimitSoft.Logger.AspNet", "Sources\Core\UnlimitSoft.Logger.AspNet\UnlimitSoft.Logger.AspNet.csproj", "{5427BE90-095D-485E-A431-FD5973F175E4}"
EndProject
Global
	GlobalSection(SolutionConfigurationPlatforms) = preSolution
		Debug|Any CPU = Debug|Any CPU
		Release|Any CPU = Release|Any CPU
	EndGlobalSection
	GlobalSection(ProjectConfigurationPlatforms) = postSolution
		{15488214-517D-4F89-A5C4-5833548EB937}.Debug|Any CPU.ActiveCfg = Debug|Any CPU
		{15488214-517D-4F89-A5C4-5833548EB937}.Debug|Any CPU.Build.0 = Debug|Any CPU
		{15488214-517D-4F89-A5C4-5833548EB937}.Release|Any CPU.ActiveCfg = Release|Any CPU
		{15488214-517D-4F89-A5C4-5833548EB937}.Release|Any CPU.Build.0 = Release|Any CPU
		{B8E84401-E59E-4DCE-9E71-294B1B3E1C58}.Debug|Any CPU.ActiveCfg = Debug|Any CPU
		{B8E84401-E59E-4DCE-9E71-294B1B3E1C58}.Debug|Any CPU.Build.0 = Debug|Any CPU
		{B8E84401-E59E-4DCE-9E71-294B1B3E1C58}.Release|Any CPU.ActiveCfg = Release|Any CPU
		{B8E84401-E59E-4DCE-9E71-294B1B3E1C58}.Release|Any CPU.Build.0 = Release|Any CPU
		{E618B090-58C1-469C-B254-F06D886237F0}.Debug|Any CPU.ActiveCfg = Debug|Any CPU
		{E618B090-58C1-469C-B254-F06D886237F0}.Debug|Any CPU.Build.0 = Debug|Any CPU
		{E618B090-58C1-469C-B254-F06D886237F0}.Release|Any CPU.ActiveCfg = Release|Any CPU
		{E618B090-58C1-469C-B254-F06D886237F0}.Release|Any CPU.Build.0 = Release|Any CPU
		{AC4CD108-8BD8-4BB8-A56B-7DD1FE1D32B9}.Debug|Any CPU.ActiveCfg = Debug|Any CPU
		{AC4CD108-8BD8-4BB8-A56B-7DD1FE1D32B9}.Debug|Any CPU.Build.0 = Debug|Any CPU
		{AC4CD108-8BD8-4BB8-A56B-7DD1FE1D32B9}.Release|Any CPU.ActiveCfg = Release|Any CPU
		{AC4CD108-8BD8-4BB8-A56B-7DD1FE1D32B9}.Release|Any CPU.Build.0 = Release|Any CPU
		{888E9829-5BB3-4252-B6C6-6A2BB952516C}.Debug|Any CPU.ActiveCfg = Debug|Any CPU
		{888E9829-5BB3-4252-B6C6-6A2BB952516C}.Debug|Any CPU.Build.0 = Debug|Any CPU
		{888E9829-5BB3-4252-B6C6-6A2BB952516C}.Release|Any CPU.ActiveCfg = Release|Any CPU
		{888E9829-5BB3-4252-B6C6-6A2BB952516C}.Release|Any CPU.Build.0 = Release|Any CPU
		{6A799653-4AE6-4EDC-A904-962E9661E18F}.Debug|Any CPU.ActiveCfg = Debug|Any CPU
		{6A799653-4AE6-4EDC-A904-962E9661E18F}.Debug|Any CPU.Build.0 = Debug|Any CPU
		{6A799653-4AE6-4EDC-A904-962E9661E18F}.Release|Any CPU.ActiveCfg = Release|Any CPU
		{6A799653-4AE6-4EDC-A904-962E9661E18F}.Release|Any CPU.Build.0 = Release|Any CPU
		{730D498B-6CE4-4671-83BA-078897F0D0A5}.Debug|Any CPU.ActiveCfg = Debug|Any CPU
		{730D498B-6CE4-4671-83BA-078897F0D0A5}.Debug|Any CPU.Build.0 = Debug|Any CPU
		{730D498B-6CE4-4671-83BA-078897F0D0A5}.Release|Any CPU.ActiveCfg = Release|Any CPU
		{730D498B-6CE4-4671-83BA-078897F0D0A5}.Release|Any CPU.Build.0 = Release|Any CPU
		{86EDBA82-2947-47BA-8E39-834D4A963666}.Debug|Any CPU.ActiveCfg = Debug|Any CPU
		{86EDBA82-2947-47BA-8E39-834D4A963666}.Debug|Any CPU.Build.0 = Debug|Any CPU
		{86EDBA82-2947-47BA-8E39-834D4A963666}.Release|Any CPU.ActiveCfg = Release|Any CPU
		{86EDBA82-2947-47BA-8E39-834D4A963666}.Release|Any CPU.Build.0 = Release|Any CPU
		{A1C4EF4E-0B93-4C20-807D-068486A2556E}.Debug|Any CPU.ActiveCfg = Debug|Any CPU
		{A1C4EF4E-0B93-4C20-807D-068486A2556E}.Debug|Any CPU.Build.0 = Debug|Any CPU
		{A1C4EF4E-0B93-4C20-807D-068486A2556E}.Release|Any CPU.ActiveCfg = Release|Any CPU
		{A1C4EF4E-0B93-4C20-807D-068486A2556E}.Release|Any CPU.Build.0 = Release|Any CPU
		{50CCF9F6-A645-476B-BC78-4E80F9450F8A}.Debug|Any CPU.ActiveCfg = Debug|Any CPU
		{50CCF9F6-A645-476B-BC78-4E80F9450F8A}.Debug|Any CPU.Build.0 = Debug|Any CPU
		{50CCF9F6-A645-476B-BC78-4E80F9450F8A}.Release|Any CPU.ActiveCfg = Release|Any CPU
		{50CCF9F6-A645-476B-BC78-4E80F9450F8A}.Release|Any CPU.Build.0 = Release|Any CPU
		{2F9F474D-59E0-4649-BC87-CED9743C0A99}.Debug|Any CPU.ActiveCfg = Debug|Any CPU
		{2F9F474D-59E0-4649-BC87-CED9743C0A99}.Debug|Any CPU.Build.0 = Debug|Any CPU
		{2F9F474D-59E0-4649-BC87-CED9743C0A99}.Release|Any CPU.ActiveCfg = Release|Any CPU
		{2F9F474D-59E0-4649-BC87-CED9743C0A99}.Release|Any CPU.Build.0 = Release|Any CPU
		{838ABB07-8C85-4DBD-A001-7623E7CFEA36}.Debug|Any CPU.ActiveCfg = Debug|Any CPU
		{838ABB07-8C85-4DBD-A001-7623E7CFEA36}.Debug|Any CPU.Build.0 = Debug|Any CPU
		{838ABB07-8C85-4DBD-A001-7623E7CFEA36}.Release|Any CPU.ActiveCfg = Release|Any CPU
		{838ABB07-8C85-4DBD-A001-7623E7CFEA36}.Release|Any CPU.Build.0 = Release|Any CPU
		{759666F9-0CDB-4D8D-9D1A-8DDB01B9579C}.Debug|Any CPU.ActiveCfg = Debug|Any CPU
		{759666F9-0CDB-4D8D-9D1A-8DDB01B9579C}.Debug|Any CPU.Build.0 = Debug|Any CPU
		{759666F9-0CDB-4D8D-9D1A-8DDB01B9579C}.Release|Any CPU.ActiveCfg = Release|Any CPU
		{759666F9-0CDB-4D8D-9D1A-8DDB01B9579C}.Release|Any CPU.Build.0 = Release|Any CPU
		{5674F93C-7A3B-4BDD-892B-130468F83288}.Debug|Any CPU.ActiveCfg = Debug|Any CPU
		{5674F93C-7A3B-4BDD-892B-130468F83288}.Debug|Any CPU.Build.0 = Debug|Any CPU
		{5674F93C-7A3B-4BDD-892B-130468F83288}.Release|Any CPU.ActiveCfg = Release|Any CPU
		{5674F93C-7A3B-4BDD-892B-130468F83288}.Release|Any CPU.Build.0 = Release|Any CPU
		{FE13E09F-16CB-4099-AD83-492FFE7ED1C3}.Debug|Any CPU.ActiveCfg = Debug|Any CPU
		{FE13E09F-16CB-4099-AD83-492FFE7ED1C3}.Debug|Any CPU.Build.0 = Debug|Any CPU
		{FE13E09F-16CB-4099-AD83-492FFE7ED1C3}.Release|Any CPU.ActiveCfg = Release|Any CPU
		{FE13E09F-16CB-4099-AD83-492FFE7ED1C3}.Release|Any CPU.Build.0 = Release|Any CPU
		{C96B9B65-9FAC-4E69-A58B-0FE5391824AD}.Debug|Any CPU.ActiveCfg = Debug|Any CPU
		{C96B9B65-9FAC-4E69-A58B-0FE5391824AD}.Debug|Any CPU.Build.0 = Debug|Any CPU
		{C96B9B65-9FAC-4E69-A58B-0FE5391824AD}.Release|Any CPU.ActiveCfg = Release|Any CPU
		{C96B9B65-9FAC-4E69-A58B-0FE5391824AD}.Release|Any CPU.Build.0 = Release|Any CPU
		{0EE74159-4CB1-4EB8-8959-FC44FA2C346F}.Debug|Any CPU.ActiveCfg = Debug|Any CPU
		{0EE74159-4CB1-4EB8-8959-FC44FA2C346F}.Debug|Any CPU.Build.0 = Debug|Any CPU
		{0EE74159-4CB1-4EB8-8959-FC44FA2C346F}.Release|Any CPU.ActiveCfg = Release|Any CPU
		{0EE74159-4CB1-4EB8-8959-FC44FA2C346F}.Release|Any CPU.Build.0 = Release|Any CPU
		{F3A3080B-5184-4432-83F0-1650AF2B3C58}.Debug|Any CPU.ActiveCfg = Debug|Any CPU
		{F3A3080B-5184-4432-83F0-1650AF2B3C58}.Debug|Any CPU.Build.0 = Debug|Any CPU
		{F3A3080B-5184-4432-83F0-1650AF2B3C58}.Release|Any CPU.ActiveCfg = Release|Any CPU
		{F3A3080B-5184-4432-83F0-1650AF2B3C58}.Release|Any CPU.Build.0 = Release|Any CPU
		{D0B58DB1-8F99-4EC6-86EB-6968D21B64D8}.Debug|Any CPU.ActiveCfg = Debug|Any CPU
		{D0B58DB1-8F99-4EC6-86EB-6968D21B64D8}.Debug|Any CPU.Build.0 = Debug|Any CPU
		{D0B58DB1-8F99-4EC6-86EB-6968D21B64D8}.Release|Any CPU.ActiveCfg = Release|Any CPU
		{D0B58DB1-8F99-4EC6-86EB-6968D21B64D8}.Release|Any CPU.Build.0 = Release|Any CPU
		{35A997BB-C23A-421C-9E5A-AFD268680656}.Debug|Any CPU.ActiveCfg = Debug|Any CPU
		{35A997BB-C23A-421C-9E5A-AFD268680656}.Debug|Any CPU.Build.0 = Debug|Any CPU
		{35A997BB-C23A-421C-9E5A-AFD268680656}.Release|Any CPU.ActiveCfg = Release|Any CPU
		{35A997BB-C23A-421C-9E5A-AFD268680656}.Release|Any CPU.Build.0 = Release|Any CPU
		{A63FD88D-3417-47C2-BFA3-ADD4D51EB507}.Debug|Any CPU.ActiveCfg = Debug|Any CPU
		{A63FD88D-3417-47C2-BFA3-ADD4D51EB507}.Debug|Any CPU.Build.0 = Debug|Any CPU
		{A63FD88D-3417-47C2-BFA3-ADD4D51EB507}.Release|Any CPU.ActiveCfg = Release|Any CPU
		{A63FD88D-3417-47C2-BFA3-ADD4D51EB507}.Release|Any CPU.Build.0 = Release|Any CPU
		{E6E598EE-D426-4EF5-A3C4-57E823A670F2}.Debug|Any CPU.ActiveCfg = Debug|Any CPU
		{E6E598EE-D426-4EF5-A3C4-57E823A670F2}.Debug|Any CPU.Build.0 = Debug|Any CPU
		{E6E598EE-D426-4EF5-A3C4-57E823A670F2}.Release|Any CPU.ActiveCfg = Release|Any CPU
		{E6E598EE-D426-4EF5-A3C4-57E823A670F2}.Release|Any CPU.Build.0 = Release|Any CPU
		{AC82784D-9310-4425-9FCC-F27AF071AD31}.Debug|Any CPU.ActiveCfg = Debug|Any CPU
		{AC82784D-9310-4425-9FCC-F27AF071AD31}.Debug|Any CPU.Build.0 = Debug|Any CPU
		{AC82784D-9310-4425-9FCC-F27AF071AD31}.Release|Any CPU.ActiveCfg = Release|Any CPU
		{AC82784D-9310-4425-9FCC-F27AF071AD31}.Release|Any CPU.Build.0 = Release|Any CPU
		{5427BE90-095D-485E-A431-FD5973F175E4}.Debug|Any CPU.ActiveCfg = Debug|Any CPU
		{5427BE90-095D-485E-A431-FD5973F175E4}.Debug|Any CPU.Build.0 = Debug|Any CPU
		{5427BE90-095D-485E-A431-FD5973F175E4}.Release|Any CPU.ActiveCfg = Release|Any CPU
		{5427BE90-095D-485E-A431-FD5973F175E4}.Release|Any CPU.Build.0 = Release|Any CPU
	EndGlobalSection
	GlobalSection(SolutionProperties) = preSolution
		HideSolutionNode = FALSE
	EndGlobalSection
	GlobalSection(NestedProjects) = preSolution
		{6049A5AF-055B-4815-A667-C6E90F5AFFA7} = {3A033475-D58A-4EF4-914A-6061B46493A1}
		{EDC44552-59C5-4FC1-88DA-B24429BFA6F0} = {3A033475-D58A-4EF4-914A-6061B46493A1}
		{1B333DE5-DFBD-4AE5-9A0B-C3FD8DACB9FC} = {3A033475-D58A-4EF4-914A-6061B46493A1}
		{8CC1EB22-2000-42CD-A32E-84128B4A58D0} = {3A033475-D58A-4EF4-914A-6061B46493A1}
		{23719B5B-044A-4D14-9192-A84CCD213D99} = {3A033475-D58A-4EF4-914A-6061B46493A1}
		{15488214-517D-4F89-A5C4-5833548EB937} = {23719B5B-044A-4D14-9192-A84CCD213D99}
		{B8E84401-E59E-4DCE-9E71-294B1B3E1C58} = {91A68341-353D-4C30-86F8-50B2D19BBA38}
		{E618B090-58C1-469C-B254-F06D886237F0} = {23719B5B-044A-4D14-9192-A84CCD213D99}
		{AC4CD108-8BD8-4BB8-A56B-7DD1FE1D32B9} = {6049A5AF-055B-4815-A667-C6E90F5AFFA7}
		{888E9829-5BB3-4252-B6C6-6A2BB952516C} = {EDC44552-59C5-4FC1-88DA-B24429BFA6F0}
		{6A799653-4AE6-4EDC-A904-962E9661E18F} = {1B333DE5-DFBD-4AE5-9A0B-C3FD8DACB9FC}
		{730D498B-6CE4-4671-83BA-078897F0D0A5} = {109B11EE-EA3B-4788-9388-8E88F14B926E}
		{86EDBA82-2947-47BA-8E39-834D4A963666} = {EDC44552-59C5-4FC1-88DA-B24429BFA6F0}
		{A1C4EF4E-0B93-4C20-807D-068486A2556E} = {3F8DCC98-FB7A-4227-B370-C21E78DD3717}
		{50CCF9F6-A645-476B-BC78-4E80F9450F8A} = {23719B5B-044A-4D14-9192-A84CCD213D99}
		{2F9F474D-59E0-4649-BC87-CED9743C0A99} = {EDC44552-59C5-4FC1-88DA-B24429BFA6F0}
		{838ABB07-8C85-4DBD-A001-7623E7CFEA36} = {23719B5B-044A-4D14-9192-A84CCD213D99}
		{759666F9-0CDB-4D8D-9D1A-8DDB01B9579C} = {EDC44552-59C5-4FC1-88DA-B24429BFA6F0}
		{5674F93C-7A3B-4BDD-892B-130468F83288} = {E39CCCAD-BA7B-43AF-A97A-A8F5509A9785}
		{3F8DCC98-FB7A-4227-B370-C21E78DD3717} = {1B333DE5-DFBD-4AE5-9A0B-C3FD8DACB9FC}
		{E39CCCAD-BA7B-43AF-A97A-A8F5509A9785} = {1B333DE5-DFBD-4AE5-9A0B-C3FD8DACB9FC}
		{109B11EE-EA3B-4788-9388-8E88F14B926E} = {6049A5AF-055B-4815-A667-C6E90F5AFFA7}
		{FE13E09F-16CB-4099-AD83-492FFE7ED1C3} = {BD55C0D4-0EA4-44C9-A2C2-A0F487792D46}
		{1E2F4303-FEFD-488D-AAEF-B55AEAC1F43F} = {BD55C0D4-0EA4-44C9-A2C2-A0F487792D46}
		{C96B9B65-9FAC-4E69-A58B-0FE5391824AD} = {1E2F4303-FEFD-488D-AAEF-B55AEAC1F43F}
		{0EE74159-4CB1-4EB8-8959-FC44FA2C346F} = {1B333DE5-DFBD-4AE5-9A0B-C3FD8DACB9FC}
		{F3A3080B-5184-4432-83F0-1650AF2B3C58} = {23719B5B-044A-4D14-9192-A84CCD213D99}
		{D0B58DB1-8F99-4EC6-86EB-6968D21B64D8} = {1E2F4303-FEFD-488D-AAEF-B55AEAC1F43F}
		{A32BD56D-1AAA-4EF5-B1B3-9A2F09ED8821} = {BD55C0D4-0EA4-44C9-A2C2-A0F487792D46}
		{35A997BB-C23A-421C-9E5A-AFD268680656} = {A32BD56D-1AAA-4EF5-B1B3-9A2F09ED8821}
		{A63FD88D-3417-47C2-BFA3-ADD4D51EB507} = {23719B5B-044A-4D14-9192-A84CCD213D99}
		{E6E598EE-D426-4EF5-A3C4-57E823A670F2} = {29A580B3-26C0-4B52-AE23-E6B179A0DEFA}
		{29A580B3-26C0-4B52-AE23-E6B179A0DEFA} = {3A033475-D58A-4EF4-914A-6061B46493A1}
		{AC82784D-9310-4425-9FCC-F27AF071AD31} = {23719B5B-044A-4D14-9192-A84CCD213D99}
		{5427BE90-095D-485E-A431-FD5973F175E4} = {23719B5B-044A-4D14-9192-A84CCD213D99}
	EndGlobalSection
	GlobalSection(ExtensibilityGlobals) = postSolution
		SolutionGuid = {9B9451D6-06A9-4FE7-BD5A-062F758B8538}
	EndGlobalSection
EndGlobal
